
Microsoft Visual Studio Solution File, Format Version 12.00
# Visual Studio Version 17
VisualStudioVersion = 17.5.002.0
MinimumVisualStudioVersion = 10.0.40219.1
Project("{9A19103F-16F7-4668-BE54-9A1E7A4F7556}") = "4", "4\4.csproj", "{173FB1C3-DD1B-4A95-B939-E2B40C95B2D6}"
EndProject
Global
	GlobalSection(SolutionConfigurationPlatforms) = preSolution
		Debug|Any CPU = Debug|Any CPU
		Release|Any CPU = Release|Any CPU
	EndGlobalSection
	GlobalSection(ProjectConfigurationPlatforms) = postSolution
		{173FB1C3-DD1B-4A95-B939-E2B40C95B2D6}.Debug|Any CPU.ActiveCfg = Debug|Any CPU
		{173FB1C3-DD1B-4A95-B939-E2B40C95B2D6}.Debug|Any CPU.Build.0 = Debug|Any CPU
		{173FB1C3-DD1B-4A95-B939-E2B40C95B2D6}.Release|Any CPU.ActiveCfg = Release|Any CPU
		{173FB1C3-DD1B-4A95-B939-E2B40C95B2D6}.Release|Any CPU.Build.0 = Release|Any CPU
	EndGlobalSection
	GlobalSection(SolutionProperties) = preSolution
		HideSolutionNode = FALSE
	EndGlobalSection
	GlobalSection(ExtensibilityGlobals) = postSolution
		SolutionGuid = {DDF956D4-AAC8-4764-B61D-E44EE076A68B}
	EndGlobalSection
EndGlobal
